# generated by rye
# use `rye lock` or `rye sync` to update this lockfile
#
# last locked with the following flags:
#   pre: false
#   features: []
#   all-features: false
#   with-sources: false
#   generate-hashes: false
#   universal: false

-e file:.
cachetools==5.5.0
    # via tox
chardet==5.2.0
    # via tox
colorama==0.4.6
    # via tox
distlib==0.3.9
    # via virtualenv
filelock==3.16.1
    # via tox
    # via virtualenv
packaging==24.2
    # via pyproject-api
    # via tox
platformdirs==4.3.6
    # via tox
    # via virtualenv
pluggy==1.5.0
    # via tox
pyproject-api==1.8.0
    # via tox
python-dotenv==1.0.1
    # via dotenv-platform-test
tox==4.23.2
    # via dotenv-platform-test
virtualenv==20.27.1
    # via tox
